
Microsoft Visual Studio Solution File, Format Version 11.00
# Visual Studio 2010
Project("{FAE04EC0-301F-11D3-BF4B-00C04F79EFBC}") = "Tomboy-library", "Tomboy-library\Tomboy-library.csproj", "{040AA912-9738-438A-A7FD-5BB02C40C30A}"
EndProject
Project("{FAE04EC0-301F-11D3-BF4B-00C04F79EFBC}") = "Tomboy-library-tests", "Tomboy-library\Tomboy-library-tests\Tomboy-library-tests.csproj", "{216746A7-D297-4108-933A-1E926EB9B167}"
EndProject
Project("{FAE04EC0-301F-11D3-BF4B-00C04F79EFBC}") = "DevDefined.OAuth", "DevDefined.OAuth\src\DevDefined.OAuth\DevDefined.OAuth.csproj", "{61B700B6-3911-4CEF-8751-7F42CA765068}"
EndProject
Global
	GlobalSection(SolutionConfigurationPlatforms) = preSolution
		Debug|x86 = Debug|x86
		Release|x86 = Release|x86
		STATIC_ONLY NO_EXPRESSIONS|Any CPU = STATIC_ONLY NO_EXPRESSIONS|Any CPU
		MonoTouch|Any CPU = MonoTouch|Any CPU
		MONOTOUCH|Any CPU = MONOTOUCH|Any CPU
	EndGlobalSection
	GlobalSection(ProjectConfigurationPlatforms) = postSolution
		{040AA912-9738-438A-A7FD-5BB02C40C30A}.Debug|x86.ActiveCfg = Debug|x86
		{040AA912-9738-438A-A7FD-5BB02C40C30A}.Debug|x86.Build.0 = Debug|x86
		{040AA912-9738-438A-A7FD-5BB02C40C30A}.MONOTOUCH|Any CPU.ActiveCfg = Debug|x86
		{040AA912-9738-438A-A7FD-5BB02C40C30A}.MonoTouch|Any CPU.ActiveCfg = Debug|x86
		{040AA912-9738-438A-A7FD-5BB02C40C30A}.MONOTOUCH|Any CPU.Build.0 = Debug|x86
		{040AA912-9738-438A-A7FD-5BB02C40C30A}.MonoTouch|Any CPU.Build.0 = Debug|x86
		{040AA912-9738-438A-A7FD-5BB02C40C30A}.Release|x86.ActiveCfg = Release|x86
		{040AA912-9738-438A-A7FD-5BB02C40C30A}.Release|x86.Build.0 = Release|x86
		{040AA912-9738-438A-A7FD-5BB02C40C30A}.STATIC_ONLY NO_EXPRESSIONS|Any CPU.ActiveCfg = Debug|x86
		{040AA912-9738-438A-A7FD-5BB02C40C30A}.STATIC_ONLY NO_EXPRESSIONS|Any CPU.Build.0 = Debug|x86
		{216746A7-D297-4108-933A-1E926EB9B167}.Debug|x86.ActiveCfg = Debug|x86
		{216746A7-D297-4108-933A-1E926EB9B167}.Debug|x86.Build.0 = Debug|x86
		{216746A7-D297-4108-933A-1E926EB9B167}.MonoTouch|Any CPU.ActiveCfg = Debug|x86
		{216746A7-D297-4108-933A-1E926EB9B167}.MONOTOUCH|Any CPU.ActiveCfg = Debug|x86
		{216746A7-D297-4108-933A-1E926EB9B167}.MonoTouch|Any CPU.Build.0 = Debug|x86
		{216746A7-D297-4108-933A-1E926EB9B167}.MONOTOUCH|Any CPU.Build.0 = Debug|x86
		{216746A7-D297-4108-933A-1E926EB9B167}.Release|x86.ActiveCfg = Release|x86
		{216746A7-D297-4108-933A-1E926EB9B167}.Release|x86.Build.0 = Release|x86
		{216746A7-D297-4108-933A-1E926EB9B167}.STATIC_ONLY NO_EXPRESSIONS|Any CPU.ActiveCfg = Debug|x86
		{216746A7-D297-4108-933A-1E926EB9B167}.STATIC_ONLY NO_EXPRESSIONS|Any CPU.Build.0 = Debug|x86
		{61B700B6-3911-4CEF-8751-7F42CA765068}.Debug|x86.ActiveCfg = Debug|Any CPU
		{61B700B6-3911-4CEF-8751-7F42CA765068}.Debug|x86.Build.0 = Debug|Any CPU
		{61B700B6-3911-4CEF-8751-7F42CA765068}.MONOTOUCH|Any CPU.ActiveCfg = Debug|Any CPU
		{61B700B6-3911-4CEF-8751-7F42CA765068}.MonoTouch|Any CPU.ActiveCfg = Debug|Any CPU
		{61B700B6-3911-4CEF-8751-7F42CA765068}.MonoTouch|Any CPU.Build.0 = Debug|Any CPU
		{61B700B6-3911-4CEF-8751-7F42CA765068}.MONOTOUCH|Any CPU.Build.0 = Debug|Any CPU
		{61B700B6-3911-4CEF-8751-7F42CA765068}.Release|x86.ActiveCfg = Release|Any CPU
		{61B700B6-3911-4CEF-8751-7F42CA765068}.Release|x86.Build.0 = Release|Any CPU
		{61B700B6-3911-4CEF-8751-7F42CA765068}.STATIC_ONLY NO_EXPRESSIONS|Any CPU.ActiveCfg = Debug|Any CPU
		{61B700B6-3911-4CEF-8751-7F42CA765068}.STATIC_ONLY NO_EXPRESSIONS|Any CPU.Build.0 = Debug|Any CPU
	EndGlobalSection
	GlobalSection(MonoDevelopProperties) = preSolution
		StartupItem = Tomboy-library\Tomboy-library.csproj
		Policies = $0
		$0.DotNetNamingPolicy = $1
		$1.DirectoryNamespaceAssociation = None
		$1.ResourceNamePolicy = FileFormatDefault
		$0.TextStylePolicy = $2
		$2.FileWidth = 120
		$2.inheritsSet = Mono
		$2.inheritsScope = text/plain
		$2.scope = text/plain
		$0.TextStylePolicy = $3
		$3.inheritsSet = null
		$3.scope = text/x-csharp
		$0.CSharpFormattingPolicy = $4
		$4.inheritsSet = Mono
		$4.inheritsScope = text/x-csharp
		$4.scope = text/x-csharp
		$0.StandardHeader = $5
		$5.Text = @\n ${FileName}\n \n Author:\n      ${AuthorName} <${AuthorEmail}>\n\n Copyright (c) ${Year} ${CopyrightHolder}\n\n This library is free software; you can redistribute it and/or modify\n it under the terms of the GNU Lesser General Public License as\n published by the Free Software Foundation; either version 2.1 of the\n License, or (at your option) any later version.\n\n This library is distributed in the hope that it will be useful, but\n WITHOUT ANY WARRANTY; without even the implied warranty of\n MERCHANTABILITY or FITNESS FOR A PARTICULAR PURPOSE. See the GNU\n Lesser General Public License for more details.\n\n You should have received a copy of the GNU Lesser General Public\n License along with this library; if not, write to the Free Software\n Foundation, Inc., 59 Temple Place, Suite 330, Boston, MA 02111-1307 USA
		$5.IncludeInNewFiles = True
		$0.VersionControlPolicy = $6
		$6.inheritsSet = Mono
		$0.ChangeLogPolicy = $7
		$7.UpdateMode = None
		$7.MessageStyle = $8
		$8.LineAlign = 0
		$7.inheritsSet = Mono
	EndGlobalSection
EndGlobal
